
Microsoft Visual Studio Solution File, Format Version 12.00
# Visual Studio Version 16
VisualStudioVersion = 16.0.31025.194
MinimumVisualStudioVersion = 10.0.40219.1
Project("{2150E333-8FDC-42A3-9474-1A3956D46DE8}") = "EventBus", "EventBus", "{C770EFF5-E823-41A2-B8D5-91AF96F165BC}"
EndProject
Project("{FAE04EC0-301F-11D3-BF4B-00C04F79EFBC}") = "EventBus", "EventBus\EventBus.csproj", "{F23F572D-F0CF-4006-9E69-0B2F51031800}"
EndProject
Project("{FAE04EC0-301F-11D3-BF4B-00C04F79EFBC}") = "EventBusRMQ", "EventBusRMQ\EventBusRMQ.csproj", "{57DCE205-241F-4DD5-B7B4-01161029E130}"
EndProject
Global
	GlobalSection(SolutionConfigurationPlatforms) = preSolution
		Debug|Any CPU = Debug|Any CPU
		Release|Any CPU = Release|Any CPU
	EndGlobalSection
	GlobalSection(ProjectConfigurationPlatforms) = postSolution
		{F23F572D-F0CF-4006-9E69-0B2F51031800}.Debug|Any CPU.ActiveCfg = Debug|Any CPU
		{F23F572D-F0CF-4006-9E69-0B2F51031800}.Debug|Any CPU.Build.0 = Debug|Any CPU
		{F23F572D-F0CF-4006-9E69-0B2F51031800}.Release|Any CPU.ActiveCfg = Release|Any CPU
		{F23F572D-F0CF-4006-9E69-0B2F51031800}.Release|Any CPU.Build.0 = Release|Any CPU
		{57DCE205-241F-4DD5-B7B4-01161029E130}.Debug|Any CPU.ActiveCfg = Debug|Any CPU
		{57DCE205-241F-4DD5-B7B4-01161029E130}.Debug|Any CPU.Build.0 = Debug|Any CPU
		{57DCE205-241F-4DD5-B7B4-01161029E130}.Release|Any CPU.ActiveCfg = Release|Any CPU
		{57DCE205-241F-4DD5-B7B4-01161029E130}.Release|Any CPU.Build.0 = Release|Any CPU
	EndGlobalSection
	GlobalSection(SolutionProperties) = preSolution
		HideSolutionNode = FALSE
	EndGlobalSection
	GlobalSection(NestedProjects) = preSolution
		{F23F572D-F0CF-4006-9E69-0B2F51031800} = {C770EFF5-E823-41A2-B8D5-91AF96F165BC}
		{57DCE205-241F-4DD5-B7B4-01161029E130} = {C770EFF5-E823-41A2-B8D5-91AF96F165BC}
	EndGlobalSection
	GlobalSection(ExtensibilityGlobals) = postSolution
		SolutionGuid = {61D053BF-6BC3-497B-8123-74FAAFA8967C}
	EndGlobalSection
EndGlobal
